// !$*UTF8*$!
{
	archiveVersion = 1;
	classes = {
	};
	objectVersion = 48;
	objects = {

/* Begin PBXBuildFile section */
		939D0DEB1FAB03AA008EFFB7 /* AppDelegate.swift in Sources */ = {isa = PBXBuildFile; fileRef = 939D0DEA1FAB03AA008EFFB7 /* AppDelegate.swift */; };
		939D0DED1FAB03AA008EFFB7 /* ViewController.swift in Sources */ = {isa = PBXBuildFile; fileRef = 939D0DEC1FAB03AA008EFFB7 /* ViewController.swift */; };
		939D0DF01FAB03AA008EFFB7 /* Main.storyboard in Resources */ = {isa = PBXBuildFile; fileRef = 939D0DEE1FAB03AA008EFFB7 /* Main.storyboard */; };
		939D0DF21FAB03AA008EFFB7 /* Assets.xcassets in Resources */ = {isa = PBXBuildFile; fileRef = 939D0DF11FAB03AA008EFFB7 /* Assets.xcassets */; };
		939D0DF51FAB03AA008EFFB7 /* LaunchScreen.storyboard in Resources */ = {isa = PBXBuildFile; fileRef = 939D0DF31FAB03AA008EFFB7 /* LaunchScreen.storyboard */; };
/* End PBXBuildFile section */

/* Begin PBXFileReference section */
		939D0DE71FAB03AA008EFFB7 /* SampleAdMob.app */ = {isa = PBXFileReference; explicitFileType = wrapper.application; includeInIndex = 0; path = SampleAdMob.app; sourceTree = BUILT_PRODUCTS_DIR; };
		939D0DEA1FAB03AA008EFFB7 /* AppDelegate.swift */ = {isa = PBXFileReference; lastKnownFileType = sourcecode.swift; path = AppDelegate.swift; sourceTree = "<group>"; };
		939D0DEC1FAB03AA008EFFB7 /* ViewController.swift */ = {isa = PBXFileReference; lastKnownFileType = sourcecode.swift; path = ViewController.swift; sourceTree = "<group>"; };
		939D0DEF1FAB03AA008EFFB7 /* Base */ = {isa = PBXFileReference; lastKnownFileType = file.storyboard; name = Base; path = Base.lproj/Main.storyboard; sourceTree = "<group>"; };
		939D0DF11FAB03AA008EFFB7 /* Assets.xcassets */ = {isa = PBXFileReference; lastKnownFileType = folder.assetcatalog; path = Assets.xcassets; sourceTree = "<group>"; };
		939D0DF41FAB03AA008EFFB7 /* Base */ = {isa = PBXFileReference; lastKnownFileType = file.storyboard; name = Base; path = Base.lproj/LaunchScreen.storyboard; sourceTree = "<group>"; };
		939D0DF61FAB03AA008EFFB7 /* Info.plist */ = {isa = PBXFileReference; lastKnownFileType = text.plist.xml; path = Info.plist; sourceTree = "<group>"; };
/* End PBXFileReference section */

/* Begin PBXFrameworksBuildPhase section */
		939D0DE41FAB03AA008EFFB7 /* Frameworks */ = {
			isa = PBXFrameworksBuildPhase;
			buildActionMask = 2147483647;
			files = (
			);
			runOnlyForDeploymentPostprocessing = 0;
		};
/* End PBXFrameworksBuildPhase section */

/* Begin PBXGroup section */
		939D0DDE1FAB03AA008EFFB7 = {
			isa = PBXGroup;
			children = (
				939D0DE91FAB03AA008EFFB7 /* SampleAdMob */,
				939D0DE81FAB03AA008EFFB7 /* Products */,
			);
			sourceTree = "<group>";
		};
		939D0DE81FAB03AA008EFFB7 /* Products */ = {
			isa = PBXGroup;
			children = (
				939D0DE71FAB03AA008EFFB7 /* SampleAdMob.app */,
			);
			name = Products;
			sourceTree = "<group>";
		};
		939D0DE91FAB03AA008EFFB7 /* SampleAdMob */ = {
			isa = PBXGroup;
			children = (
				939D0DEA1FAB03AA008EFFB7 /* AppDelegate.swift */,
				939D0DEC1FAB03AA008EFFB7 /* ViewController.swift */,
				939D0DEE1FAB03AA008EFFB7 /* Main.storyboard */,
				939D0DF11FAB03AA008EFFB7 /* Assets.xcassets */,
				939D0DF31FAB03AA008EFFB7 /* LaunchScreen.storyboard */,
				939D0DF61FAB03AA008EFFB7 /* Info.plist */,
			);
			path = SampleAdMob;
			sourceTree = "<group>";
		};
/* End PBXGroup section */

/* Begin PBXNativeTarget section */
		939D0DE61FAB03AA008EFFB7 /* SampleAdMob */ = {
			isa = PBXNativeTarget;
			buildConfigurationList = 939D0DF91FAB03AA008EFFB7 /* Build configuration list for PBXNativeTarget "SampleAdMob" */;
			buildPhases = (
				939D0DE31FAB03AA008EFFB7 /* Sources */,
				939D0DE41FAB03AA008EFFB7 /* Frameworks */,
				939D0DE51FAB03AA008EFFB7 /* Resources */,
			);
			buildRules = (
			);
			dependencies = (
			);
			name = SampleAdMob;
			productName = SampleAdMob;
			productReference = 939D0DE71FAB03AA008EFFB7 /* SampleAdMob.app */;
			productType = "com.apple.product-type.application";
		};
/* End PBXNativeTarget section */

/* Begin PBXProject section */
		939D0DDF1FAB03AA008EFFB7 /* Project object */ = {
			isa = PBXProject;
			attributes = {
				LastSwiftUpdateCheck = 0910;
				LastUpgradeCheck = 0910;
				ORGANIZATIONNAME = Futurismworks;
				TargetAttributes = {
					939D0DE61FAB03AA008EFFB7 = {
						CreatedOnToolsVersion = 9.1;
						ProvisioningStyle = Automatic;
					};
				};
			};
			buildConfigurationList = 939D0DE21FAB03AA008EFFB7 /* Build configuration list for PBXProject "SampleAdMob" */;
			compatibilityVersion = "Xcode 8.0";
			developmentRegion = en;
			hasScannedForEncodings = 0;
			knownRegions = (
				en,
				Base,
			);
			mainGroup = 939D0DDE1FAB03AA008EFFB7;
			productRefGroup = 939D0DE81FAB03AA008EFFB7 /* Products */;
			projectDirPath = "";
			projectRoot = "";
			targets = (
				939D0DE61FAB03AA008EFFB7 /* SampleAdMob */,
			);
		};
/* End PBXProject section */

/* Begin PBXResourcesBuildPhase section */
		939D0DE51FAB03AA008EFFB7 /* Resources */ = {
			isa = PBXResourcesBuildPhase;
			buildActionMask = 2147483647;
			files = (
				939D0DF51FAB03AA008EFFB7 /* LaunchScreen.storyboard in Resources */,
				939D0DF21FAB03AA008EFFB7 /* Assets.xcassets in Resources */,
				939D0DF01FAB03AA008EFFB7 /* Main.storyboard in Resources */,
			);
			runOnlyForDeploymentPostprocessing = 0;
		};
/* End PBXResourcesBuildPhase section */

/* Begin PBXSourcesBuildPhase section */
		939D0DE31FAB03AA008EFFB7 /* Sources */ = {
			isa = PBXSourcesBuildPhase;
			buildActionMask = 2147483647;
			files = (
				939D0DED1FAB03AA008EFFB7 /* ViewController.swift in Sources */,
				939D0DEB1FAB03AA008EFFB7 /* AppDelegate.swift in Sources */,
			);
			runOnlyForDeploymentPostprocessing = 0;
		};
/* End PBXSourcesBuildPhase section */

/* Begin PBXVariantGroup section */
		939D0DEE1FAB03AA008EFFB7 /* Main.storyboard */ = {
			isa = PBXVariantGroup;
			children = (
				939D0DEF1FAB03AA008EFFB7 /* Base */,
			);
			name = Main.storyboard;
			sourceTree = "<group>";
		};
		939D0DF31FAB03AA008EFFB7 /* LaunchScreen.storyboard */ = {
			isa = PBXVariantGroup;
			children = (
				939D0DF41FAB03AA008EFFB7 /* Base */,
			);
			name = LaunchScreen.storyboard;
			sourceTree = "<group>";
		};
/* End PBXVariantGroup section */

/* Begin XCBuildConfiguration section */
		939D0DF71FAB03AA008EFFB7 /* Debug */ = {
			isa = XCBuildConfiguration;
			buildSettings = {
				ALWAYS_SEARCH_USER_PATHS = NO;
				CLANG_ANALYZER_NONNULL = YES;
				CLANG_ANALYZER_NUMBER_OBJECT_CONVERSION = YES_AGGRESSIVE;
				CLANG_CXX_LANGUAGE_STANDARD = "gnu++14";
				CLANG_CXX_LIBRARY = "libc++";
				CLANG_ENABLE_MODULES = YES;
				CLANG_ENABLE_OBJC_ARC = YES;
				CLANG_WARN_BLOCK_CAPTURE_AUTORELEASING = YES;
				CLANG_WARN_BOOL_CONVERSION = YES;
				CLANG_WARN_COMMA = YES;
				CLANG_WARN_CONSTANT_CONVERSION = YES;
				CLANG_WARN_DIRECT_OBJC_ISA_USAGE = YES_ERROR;
				CLANG_WARN_DOCUMENTATION_COMMENTS = YES;
				CLANG_WARN_EMPTY_BODY = YES;
				CLANG_WARN_ENUM_CONVERSION = YES;
				CLANG_WARN_INFINITE_RECURSION = YES;
				CLANG_WARN_INT_CONVERSION = YES;
				CLANG_WARN_NON_LITERAL_NULL_CONVERSION = YES;
				CLANG_WARN_OBJC_LITERAL_CONVERSION = YES;
				CLANG_WARN_OBJC_ROOT_CLASS = YES_ERROR;
				CLANG_WARN_RANGE_LOOP_ANALYSIS = YES;
				CLANG_WARN_STRICT_PROTOTYPES = YES;
				CLANG_WARN_SUSPICIOUS_MOVE = YES;
				CLANG_WARN_UNGUARDED_AVAILABILITY = YES_AGGRESSIVE;
				CLANG_WARN_UNREACHABLE_CODE = YES;
				CLANG_WARN__DUPLICATE_METHOD_MATCH = YES;
				CODE_SIGN_IDENTITY = "iPhone Developer";
				COPY_PHASE_STRIP = NO;
				DEBUG_INFORMATION_FORMAT = dwarf;
				ENABLE_STRICT_OBJC_MSGSEND = YES;
				ENABLE_TESTABILITY = YES;
				GCC_C_LANGUAGE_STANDARD = gnu11;
				GCC_DYNAMIC_NO_PIC = NO;
				GCC_NO_COMMON_BLOCKS = YES;
				GCC_OPTIMIZATION_LEVEL = 0;
				GCC_PREPROCESSOR_DEFINITIONS = (
					"DEBUG=1",
					"$(inherited)",
				);
				GCC_WARN_64_TO_32_BIT_CONVERSION = YES;
				GCC_WARN_ABOUT_RETURN_TYPE = YES_ERROR;
				GCC_WARN_UNDECLARED_SELECTOR = YES;
				GCC_WARN_UNINITIALIZED_AUTOS = YES_AGGRESSIVE;
				GCC_WARN_UNUSED_FUNCTION = YES;
				GCC_WARN_UNUSED_VARIABLE = YES;
				IPHONEOS_DEPLOYMENT_TARGET = 11.1;
				MTL_ENABLE_DEBUG_INFO = YES;
				ONLY_ACTIVE_ARCH = YES;
				SDKROOT = iphoneos;
				SWIFT_ACTIVE_COMPILATION_CONDITIONS = DEBUG;
				SWIFT_OPTIMIZATION_LEVEL = "-Onone";
			};
			name = Debug;
		};
		939D0DF81FAB03AA008EFFB7 /* Release */ = {
			isa = XCBuildConfiguration;
			buildSettings = {
				ALWAYS_SEARCH_USER_PATHS = NO;
				CLANG_ANALYZER_NONNULL = YES;
				CLANG_ANALYZER_NUMBER_OBJECT_CONVERSION = YES_AGGRESSIVE;
				CLANG_CXX_LANGUAGE_STANDARD = "gnu++14";
				CLANG_CXX_LIBRARY = "libc++";
				CLANG_ENABLE_MODULES = YES;
				CLANG_ENABLE_OBJC_ARC = YES;
				CLANG_WARN_BLOCK_CAPTURE_AUTORELEASING = YES;
				CLANG_WARN_BOOL_CONVERSION = YES;
				CLANG_WARN_COMMA = YES;
				CLANG_WARN_CONSTANT_CONVERSION = YES;
				CLANG_WARN_DIRECT_OBJC_ISA_USAGE = YES_ERROR;
				CLANG_WARN_DOCUMENTATION_COMMENTS = YES;
				CLANG_WARN_EMPTY_BODY = YES;
				CLANG_WARN_ENUM_CONVERSION = YES;
				CLANG_WARN_INFINITE_RECURSION = YES;
				CLANG_WARN_INT_CONVERSION = YES;
				CLANG_WARN_NON_LITERAL_NULL_CONVERSION = YES;
				CLANG_WARN_OBJC_LITERAL_CONVERSION = YES;
				CLANG_WARN_OBJC_ROOT_CLASS = YES_ERROR;
				CLANG_WARN_RANGE_LOOP_ANALYSIS = YES;
				CLANG_WARN_STRICT_PROTOTYPES = YES;
				CLANG_WARN_SUSPICIOUS_MOVE = YES;
				CLANG_WARN_UNGUARDED_AVAILABILITY = YES_AGGRESSIVE;
				CLANG_WARN_UNREACHABLE_CODE = YES;
				CLANG_WARN__DUPLICATE_METHOD_MATCH = YES;
				CODE_SIGN_IDENTITY = "iPhone Developer";
				COPY_PHASE_STRIP = NO;
				DEBUG_INFORMATION_FORMAT = "dwarf-with-dsym";
				ENABLE_NS_ASSERTIONS = NO;
				ENABLE_STRICT_OBJC_MSGSEND = YES;
				GCC_C_LANGUAGE_STANDARD = gnu11;
				GCC_NO_COMMON_BLOCKS = YES;
				GCC_WARN_64_TO_32_BIT_CONVERSION = YES;
				GCC_WARN_ABOUT_RETURN_TYPE = YES_ERROR;
				GCC_WARN_UNDECLARED_SELECTOR = YES;
				GCC_WARN_UNINITIALIZED_AUTOS = YES_AGGRESSIVE;
				GCC_WARN_UNUSED_FUNCTION = YES;
				GCC_WARN_UNUSED_VARIABLE = YES;
				IPHONEOS_DEPLOYMENT_TARGET = 11.1;
				MTL_ENABLE_DEBUG_INFO = NO;
				SDKROOT = iphoneos;
				SWIFT_OPTIMIZATION_LEVEL = "-Owholemodule";
				VALIDATE_PRODUCT = YES;
			};
			name = Release;
		};
		939D0DFA1FAB03AA008EFFB7 /* Debug */ = {
			isa = XCBuildConfiguration;
			buildSettings = {
				ASSETCATALOG_COMPILER_APPICON_NAME = AppIcon;
				CODE_SIGN_STYLE = Automatic;
				DEVELOPMENT_TEAM = 36PG82HP9Y;
				INFOPLIST_FILE = SampleAdMob/Info.plist;
				LD_RUNPATH_SEARCH_PATHS = "$(inherited) @executable_path/Frameworks";
				PRODUCT_BUNDLE_IDENTIFIER = Futurismworks.SampleAdMob;
				PRODUCT_NAME = "$(TARGET_NAME)";
				SWIFT_VERSION = 4.0;
				TARGETED_DEVICE_FAMILY = "1,2";
			};
			name = Debug;
		};
		939D0DFB1FAB03AA008EFFB7 /* Release */ = {
			isa = XCBuildConfiguration;
			buildSettings = {
				ASSETCATALOG_COMPILER_APPICON_NAME = AppIcon;
				CODE_SIGN_STYLE = Automatic;
				DEVELOPMENT_TEAM = 36PG82HP9Y;
				INFOPLIST_FILE = SampleAdMob/Info.plist;
				LD_RUNPATH_SEARCH_PATHS = "$(inherited) @executable_path/Frameworks";
				PRODUCT_BUNDLE_IDENTIFIER = Futurismworks.SampleAdMob;
				PRODUCT_NAME = "$(TARGET_NAME)";
				SWIFT_VERSION = 4.0;
				TARGETED_DEVICE_FAMILY = "1,2";
			};
			name = Release;
		};
/* End XCBuildConfiguration section */

/* Begin XCConfigurationList section */
		939D0DE21FAB03AA008EFFB7 /* Build configuration list for PBXProject "SampleAdMob" */ = {
			isa = XCConfigurationList;
			buildConfigurations = (
				939D0DF71FAB03AA008EFFB7 /* Debug */,
				939D0DF81FAB03AA008EFFB7 /* Release */,
			);
			defaultConfigurationIsVisible = 0;
			defaultConfigurationName = Release;
		};
		939D0DF91FAB03AA008EFFB7 /* Build configuration list for PBXNativeTarget "SampleAdMob" */ = {
			isa = XCConfigurationList;
			buildConfigurations = (
				939D0DFA1FAB03AA008EFFB7 /* Debug */,
				939D0DFB1FAB03AA008EFFB7 /* Release */,
			);
			defaultConfigurationIsVisible = 0;
			defaultConfigurationName = Release;
		};
/* End XCConfigurationList section */
	};
	rootObject = 939D0DDF1FAB03AA008EFFB7 /* Project object */;
}
